
Microsoft Visual Studio Solution File, Format Version 12.00
# TcXaeShell Solution File, Format Version 11.00
VisualStudioVersion = 15.0.34829.251
MinimumVisualStudioVersion = 10.0.40219.1
Project("{B1E792BE-AA5F-4E3C-8C82-674BF9C0715B}") = "Pendulum2", "Pendulum2.tsproj", "{95429717-AA07-48CE-9B1A-2C7DEC5A1991}"
EndProject
Global
	GlobalSection(SolutionConfigurationPlatforms) = preSolution
		Debug|TwinCAT CE7 (ARMV7) = Debug|TwinCAT CE7 (ARMV7)
		Debug|TwinCAT OS (ARMT2) = Debug|TwinCAT OS (ARMT2)
		Debug|TwinCAT RT (x64) = Debug|TwinCAT RT (x64)
		Debug|TwinCAT RT (x86) = Debug|TwinCAT RT (x86)
		Release|TwinCAT CE7 (ARMV7) = Release|TwinCAT CE7 (ARMV7)
		Release|TwinCAT OS (ARMT2) = Release|TwinCAT OS (ARMT2)
		Release|TwinCAT RT (x64) = Release|TwinCAT RT (x64)
		Release|TwinCAT RT (x86) = Release|TwinCAT RT (x86)
	EndGlobalSection
	GlobalSection(ProjectConfigurationPlatforms) = postSolution
		{95429717-AA07-48CE-9B1A-2C7DEC5A1991}.Debug|TwinCAT CE7 (ARMV7).ActiveCfg = Debug|TwinCAT CE7 (ARMV7)
		{95429717-AA07-48CE-9B1A-2C7DEC5A1991}.Debug|TwinCAT CE7 (ARMV7).Build.0 = Debug|TwinCAT CE7 (ARMV7)
		{95429717-AA07-48CE-9B1A-2C7DEC5A1991}.Debug|TwinCAT OS (ARMT2).ActiveCfg = Debug|TwinCAT OS (ARMT2)
		{95429717-AA07-48CE-9B1A-2C7DEC5A1991}.Debug|TwinCAT OS (ARMT2).Build.0 = Debug|TwinCAT OS (ARMT2)
		{95429717-AA07-48CE-9B1A-2C7DEC5A1991}.Debug|TwinCAT RT (x64).ActiveCfg = Debug|TwinCAT RT (x64)
		{95429717-AA07-48CE-9B1A-2C7DEC5A1991}.Debug|TwinCAT RT (x64).Build.0 = Debug|TwinCAT RT (x64)
		{95429717-AA07-48CE-9B1A-2C7DEC5A1991}.Debug|TwinCAT RT (x86).ActiveCfg = Debug|TwinCAT RT (x86)
		{95429717-AA07-48CE-9B1A-2C7DEC5A1991}.Debug|TwinCAT RT (x86).Build.0 = Debug|TwinCAT RT (x86)
		{95429717-AA07-48CE-9B1A-2C7DEC5A1991}.Release|TwinCAT CE7 (ARMV7).ActiveCfg = Release|TwinCAT CE7 (ARMV7)
		{95429717-AA07-48CE-9B1A-2C7DEC5A1991}.Release|TwinCAT CE7 (ARMV7).Build.0 = Release|TwinCAT CE7 (ARMV7)
		{95429717-AA07-48CE-9B1A-2C7DEC5A1991}.Release|TwinCAT OS (ARMT2).ActiveCfg = Release|TwinCAT OS (ARMT2)
		{95429717-AA07-48CE-9B1A-2C7DEC5A1991}.Release|TwinCAT OS (ARMT2).Build.0 = Release|TwinCAT OS (ARMT2)
		{95429717-AA07-48CE-9B1A-2C7DEC5A1991}.Release|TwinCAT RT (x64).ActiveCfg = Release|TwinCAT RT (x64)
		{95429717-AA07-48CE-9B1A-2C7DEC5A1991}.Release|TwinCAT RT (x64).Build.0 = Release|TwinCAT RT (x64)
		{95429717-AA07-48CE-9B1A-2C7DEC5A1991}.Release|TwinCAT RT (x86).ActiveCfg = Release|TwinCAT RT (x86)
		{95429717-AA07-48CE-9B1A-2C7DEC5A1991}.Release|TwinCAT RT (x86).Build.0 = Release|TwinCAT RT (x86)
	EndGlobalSection
	GlobalSection(SolutionProperties) = preSolution
		HideSolutionNode = FALSE
	EndGlobalSection
	GlobalSection(ExtensibilityGlobals) = postSolution
		SolutionGuid = {688EBCDD-7B72-4452-9A32-F4E5A71CB5D6}
	EndGlobalSection
EndGlobal
